
Microsoft Visual Studio Solution File, Format Version 12.00
Project("{FAE04EC0-301F-11D3-BF4B-00C04F79EFBC}") = "Dotnet8Example", "Dotnet8Example\Dotnet8Example.csproj", "{A633512A-26C0-47C8-9358-6D93FCA661FE}"
EndProject
Global
	GlobalSection(SolutionConfigurationPlatforms) = preSolution
		Debug|Any CPU = Debug|Any CPU
		Release|Any CPU = Release|Any CPU
	EndGlobalSection
	GlobalSection(ProjectConfigurationPlatforms) = postSolution
		{A633512A-26C0-47C8-9358-6D93FCA661FE}.Debug|Any CPU.ActiveCfg = Debug|Any CPU
		{A633512A-26C0-47C8-9358-6D93FCA661FE}.Debug|Any CPU.Build.0 = Debug|Any CPU
		{A633512A-26C0-47C8-9358-6D93FCA661FE}.Release|Any CPU.ActiveCfg = Release|Any CPU
		{A633512A-26C0-47C8-9358-6D93FCA661FE}.Release|Any CPU.Build.0 = Release|Any CPU
	EndGlobalSection
EndGlobal
